
Microsoft Visual Studio Solution File, Format Version 12.00
# Visual Studio Version 17
VisualStudioVersion = 17.3.32929.385
MinimumVisualStudioVersion = 10.0.40219.1
Project("{9A19103F-16F7-4668-BE54-9A1E7A4F7556}") = "CityInfo.API", "CityInfo.API\CityInfo.API.csproj", "{CDD5281E-C21A-4D80-9F1A-BF57CF3B661A}"
EndProject
Project("{9A19103F-16F7-4668-BE54-9A1E7A4F7556}") = "Tickets.API", "Tickets.API\Tickets.API.csproj", "{4807BFA0-671F-49A9-A700-8C6389151B32}"
EndProject
Project("{2150E333-8FDC-42A3-9474-1A3956D46DE8}") = "Solution Items", "Solution Items", "{EF314CDA-2248-4270-882A-3F27EFA22F21}"
	ProjectSection(SolutionItems) = preProject
		docker-compose.yml = docker-compose.yml
	EndProjectSection
EndProject
Global
	GlobalSection(SolutionConfigurationPlatforms) = preSolution
		Debug|Any CPU = Debug|Any CPU
		Release|Any CPU = Release|Any CPU
	EndGlobalSection
	GlobalSection(ProjectConfigurationPlatforms) = postSolution
		{CDD5281E-C21A-4D80-9F1A-BF57CF3B661A}.Debug|Any CPU.ActiveCfg = Debug|Any CPU
		{CDD5281E-C21A-4D80-9F1A-BF57CF3B661A}.Debug|Any CPU.Build.0 = Debug|Any CPU
		{CDD5281E-C21A-4D80-9F1A-BF57CF3B661A}.Release|Any CPU.ActiveCfg = Release|Any CPU
		{CDD5281E-C21A-4D80-9F1A-BF57CF3B661A}.Release|Any CPU.Build.0 = Release|Any CPU
		{4807BFA0-671F-49A9-A700-8C6389151B32}.Debug|Any CPU.ActiveCfg = Debug|Any CPU
		{4807BFA0-671F-49A9-A700-8C6389151B32}.Debug|Any CPU.Build.0 = Debug|Any CPU
		{4807BFA0-671F-49A9-A700-8C6389151B32}.Release|Any CPU.ActiveCfg = Release|Any CPU
		{4807BFA0-671F-49A9-A700-8C6389151B32}.Release|Any CPU.Build.0 = Release|Any CPU
	EndGlobalSection
	GlobalSection(SolutionProperties) = preSolution
		HideSolutionNode = FALSE
	EndGlobalSection
	GlobalSection(ExtensibilityGlobals) = postSolution
		SolutionGuid = {EE8DBFDA-B891-4247-9906-3CDC91FC1A97}
	EndGlobalSection
EndGlobal
